// !$*UTF8*$!
{
	archiveVersion = 1;
	classes = {
	};
	objectVersion = 56;
	objects = {

/* Begin PBXBuildFile section */
		022C3C622B5518AC0048B539 /* ChattingListTVCell.swift in Sources */ = {isa = PBXBuildFile; fileRef = 022C3C612B5518AC0048B539 /* ChattingListTVCell.swift */; };
		028532472B5769BD0080AC89 /* ChattingListManager.swift in Sources */ = {isa = PBXBuildFile; fileRef = 028532462B5769BD0080AC89 /* ChattingListManager.swift */; };
		028ABE782B54C19C005DE05A /* ViewRouter.swift in Sources */ = {isa = PBXBuildFile; fileRef = 028ABE772B54C19C005DE05A /* ViewRouter.swift */; };
		028ABE7A2B54C29E005DE05A /* BaseViewController.swift in Sources */ = {isa = PBXBuildFile; fileRef = 028ABE792B54C29E005DE05A /* BaseViewController.swift */; };
		028ABE7D2B54D10E005DE05A /* ChattingAddPopup.swift in Sources */ = {isa = PBXBuildFile; fileRef = 028ABE7C2B54D10E005DE05A /* ChattingAddPopup.swift */; };
		02E447492B56021200002ABE /* ChattingListTempData.json in Resources */ = {isa = PBXBuildFile; fileRef = 02E447482B56021200002ABE /* ChattingListTempData.json */; };
		02E4474C2B56035300002ABE /* ChattingListModel.swift in Sources */ = {isa = PBXBuildFile; fileRef = 02E4474B2B56035300002ABE /* ChattingListModel.swift */; };
		0F0AD3532B652D8300045E07 /* AuthManager.swift in Sources */ = {isa = PBXBuildFile; fileRef = 0F0AD3522B652D8300045E07 /* AuthManager.swift */; };
		0F0AD3552B6532CD00045E07 /* SignInWithApple.swift in Sources */ = {isa = PBXBuildFile; fileRef = 0F0AD3542B6532CD00045E07 /* SignInWithApple.swift */; };
		0F4BA5632B4E82DD009CC320 /* ReactorKit in Frameworks */ = {isa = PBXBuildFile; productRef = 0F4BA5622B4E82DD009CC320 /* ReactorKit */; };
		0F4BA5662B4E82F2009CC320 /* SnapKit in Frameworks */ = {isa = PBXBuildFile; productRef = 0F4BA5652B4E82F2009CC320 /* SnapKit */; };
		0F4BA56B2B4E830C009CC320 /* Then in Frameworks */ = {isa = PBXBuildFile; productRef = 0F4BA56A2B4E830C009CC320 /* Then */; };
		0F68B2FB2B50ADFD00FE0390 /* SplashViewController.swift in Sources */ = {isa = PBXBuildFile; fileRef = 0F68B2FA2B50ADFD00FE0390 /* SplashViewController.swift */; };
		0F6EB7E72B50D60A00BB3216 /* Constants.swift in Sources */ = {isa = PBXBuildFile; fileRef = 0F6EB7E62B50D60A00BB3216 /* Constants.swift */; };
		0F6EB7EA2B50D9BD00BB3216 /* KakaoSDK in Frameworks */ = {isa = PBXBuildFile; productRef = 0F6EB7E92B50D9BD00BB3216 /* KakaoSDK */; };
		0F6EB7EC2B50D9BD00BB3216 /* KakaoSDKAuth in Frameworks */ = {isa = PBXBuildFile; productRef = 0F6EB7EB2B50D9BD00BB3216 /* KakaoSDKAuth */; };
		0F6EB7F22B50D9BD00BB3216 /* KakaoSDKCommon in Frameworks */ = {isa = PBXBuildFile; productRef = 0F6EB7F12B50D9BD00BB3216 /* KakaoSDKCommon */; };
		0F6EB8002B50D9BD00BB3216 /* KakaoSDKUser in Frameworks */ = {isa = PBXBuildFile; productRef = 0F6EB7FF2B50D9BD00BB3216 /* KakaoSDKUser */; };
		0F84B7B42B54AB7F000EF575 /* GlobalFunctions.swift in Sources */ = {isa = PBXBuildFile; fileRef = 0F84B7B32B54AB7F000EF575 /* GlobalFunctions.swift */; };
		0F84B7B72B54DDCD000EF575 /* Auth in Frameworks */ = {isa = PBXBuildFile; productRef = 0F84B7B62B54DDCD000EF575 /* Auth */; };
		0F84B7B92B54DDCD000EF575 /* Functions in Frameworks */ = {isa = PBXBuildFile; productRef = 0F84B7B82B54DDCD000EF575 /* Functions */; };
		0F84B7BB2B54DDCD000EF575 /* PostgREST in Frameworks */ = {isa = PBXBuildFile; productRef = 0F84B7BA2B54DDCD000EF575 /* PostgREST */; };
		0F84B7BD2B54DDCD000EF575 /* Realtime in Frameworks */ = {isa = PBXBuildFile; productRef = 0F84B7BC2B54DDCD000EF575 /* Realtime */; };
		0F84B7BF2B54DDCD000EF575 /* Storage in Frameworks */ = {isa = PBXBuildFile; productRef = 0F84B7BE2B54DDCD000EF575 /* Storage */; };
		0F84B7C12B54DDCD000EF575 /* Supabase in Frameworks */ = {isa = PBXBuildFile; productRef = 0F84B7C02B54DDCD000EF575 /* Supabase */; };
		0F923CC72B67908000F7E0A0 /* GoogleSignIn in Frameworks */ = {isa = PBXBuildFile; productRef = 0F923CC62B67908000F7E0A0 /* GoogleSignIn */; };
		0F923CC92B67908000F7E0A0 /* GoogleSignInSwift in Frameworks */ = {isa = PBXBuildFile; productRef = 0F923CC82B67908000F7E0A0 /* GoogleSignInSwift */; };
		0F923CCB2B679A3100F7E0A0 /* SignInWithGoogle.swift in Sources */ = {isa = PBXBuildFile; fileRef = 0F923CCA2B679A3100F7E0A0 /* SignInWithGoogle.swift */; };
		0FAC4EFD2B4FABAE00639E98 /* RxBlocking in Frameworks */ = {isa = PBXBuildFile; productRef = 0FAC4EFC2B4FABAE00639E98 /* RxBlocking */; };
		0FAC4EFF2B4FABAE00639E98 /* RxCocoa in Frameworks */ = {isa = PBXBuildFile; productRef = 0FAC4EFE2B4FABAE00639E98 /* RxCocoa */; };
		0FAC4F012B4FABAE00639E98 /* RxRelay in Frameworks */ = {isa = PBXBuildFile; productRef = 0FAC4F002B4FABAE00639E98 /* RxRelay */; };
		0FAC4F032B4FABAE00639E98 /* RxSwift in Frameworks */ = {isa = PBXBuildFile; productRef = 0FAC4F022B4FABAE00639E98 /* RxSwift */; };
		0FAC4F072B4FC45400639E98 /* LoginViewController.swift in Sources */ = {isa = PBXBuildFile; fileRef = 0FAC4F062B4FC45400639E98 /* LoginViewController.swift */; };
		5C0C12942B50D37D0066FA69 /* Log.swift in Sources */ = {isa = PBXBuildFile; fileRef = 5C0C12932B50D37D0066FA69 /* Log.swift */; };
		5C0C12982B50D9CB0066FA69 /* LoginView.swift in Sources */ = {isa = PBXBuildFile; fileRef = 5C0C12972B50D9CB0066FA69 /* LoginView.swift */; };
		5C0C129A2B50D9D60066FA69 /* LoginReactor.swift in Sources */ = {isa = PBXBuildFile; fileRef = 5C0C12992B50D9D60066FA69 /* LoginReactor.swift */; };
		5C0C12A12B50E04B0066FA69 /* UIFont+Extension.swift in Sources */ = {isa = PBXBuildFile; fileRef = 5C0C12A02B50E04B0066FA69 /* UIFont+Extension.swift */; };
		5C0C12A42B50EAC70066FA69 /* RxGesture in Frameworks */ = {isa = PBXBuildFile; productRef = 5C0C12A32B50EAC70066FA69 /* RxGesture */; };
		5C0C12A92B50F0690066FA69 /* HomeReactor.swift in Sources */ = {isa = PBXBuildFile; fileRef = 5C0C12A82B50F0690066FA69 /* HomeReactor.swift */; };
		5C0C12AB2B50F8D50066FA69 /* UserSettings.swift in Sources */ = {isa = PBXBuildFile; fileRef = 5C0C12AA2B50F8D50066FA69 /* UserSettings.swift */; };
		5C0D0EE72B469C3500D75348 /* AppDelegate.swift in Sources */ = {isa = PBXBuildFile; fileRef = 5C0D0EE62B469C3500D75348 /* AppDelegate.swift */; };
		5C0D0EE92B469C3500D75348 /* SceneDelegate.swift in Sources */ = {isa = PBXBuildFile; fileRef = 5C0D0EE82B469C3500D75348 /* SceneDelegate.swift */; };
		5C0D0EEB2B469C3500D75348 /* HomeViewController.swift in Sources */ = {isa = PBXBuildFile; fileRef = 5C0D0EEA2B469C3500D75348 /* HomeViewController.swift */; };
		5C0D0EF02B469C3600D75348 /* Assets.xcassets in Resources */ = {isa = PBXBuildFile; fileRef = 5C0D0EEF2B469C3600D75348 /* Assets.xcassets */; };
		5C14D1532B68E1A500B063DB /* TempShareViewController.swift in Sources */ = {isa = PBXBuildFile; fileRef = 5C14D1522B68E1A500B063DB /* TempShareViewController.swift */; };
		5C14D1552B68E59600B063DB /* TempShareReactor.swift in Sources */ = {isa = PBXBuildFile; fileRef = 5C14D1542B68E59600B063DB /* TempShareReactor.swift */; };
		5CADF19B2B477E2E00317C70 /* UIColor+Extension.swift in Sources */ = {isa = PBXBuildFile; fileRef = 5CADF19A2B477E2E00317C70 /* UIColor+Extension.swift */; };
		5CB2DC212B690CD900187FD8 /* ParticipationCodeViewController.swift in Sources */ = {isa = PBXBuildFile; fileRef = 5CB2DC202B690CD900187FD8 /* ParticipationCodeViewController.swift */; };
		5CB2DC232B690D7800187FD8 /* ParticipationCodeReactor.swift in Sources */ = {isa = PBXBuildFile; fileRef = 5CB2DC222B690D7800187FD8 /* ParticipationCodeReactor.swift */; };
		5CBDF3932B688B2B00A28347 /* BlackView.swift in Sources */ = {isa = PBXBuildFile; fileRef = 5CBDF3922B688B2B00A28347 /* BlackView.swift */; };
		5CE2156B2B6B1E4900F4EB2A /* CodeIssuanceHistoryViewController.swift in Sources */ = {isa = PBXBuildFile; fileRef = 5CE2156A2B6B1E4900F4EB2A /* CodeIssuanceHistoryViewController.swift */; };
		5CE2156E2B6B1E9F00F4EB2A /* CodeIssuanceHistoryReactor.swift in Sources */ = {isa = PBXBuildFile; fileRef = 5CE2156D2B6B1E9F00F4EB2A /* CodeIssuanceHistoryReactor.swift */; };
		5CE215702B6B31BA00F4EB2A /* CodeIssuanceHistorytableViewCell.swift in Sources */ = {isa = PBXBuildFile; fileRef = 5CE2156F2B6B31BA00F4EB2A /* CodeIssuanceHistorytableViewCell.swift */; };
		5CE215732B6B436000F4EB2A /* ExpiredCodeListModel.swift in Sources */ = {isa = PBXBuildFile; fileRef = 5CE215722B6B436000F4EB2A /* ExpiredCodeListModel.swift */; };
		8E7DFD152B6875560078230C /* ChatView.swift in Sources */ = {isa = PBXBuildFile; fileRef = 8E7DFD142B6875560078230C /* ChatView.swift */; };
		8EB55B6B2B5F830500008A6D /* ChatTableCell.swift in Sources */ = {isa = PBXBuildFile; fileRef = 8EB55B6A2B5F830500008A6D /* ChatTableCell.swift */; };
		8EB55B6D2B5F832D00008A6D /* ChatViewController.swift in Sources */ = {isa = PBXBuildFile; fileRef = 8EB55B6C2B5F832D00008A6D /* ChatViewController.swift */; };
		8EB55B6F2B5F834B00008A6D /* ChatReactor.swift in Sources */ = {isa = PBXBuildFile; fileRef = 8EB55B6E2B5F834B00008A6D /* ChatReactor.swift */; };
/* End PBXBuildFile section */

/* Begin PBXFileReference section */
		022C3C612B5518AC0048B539 /* ChattingListTVCell.swift */ = {isa = PBXFileReference; lastKnownFileType = sourcecode.swift; path = ChattingListTVCell.swift; sourceTree = "<group>"; };
		028532462B5769BD0080AC89 /* ChattingListManager.swift */ = {isa = PBXFileReference; lastKnownFileType = sourcecode.swift; path = ChattingListManager.swift; sourceTree = "<group>"; };
		028ABE772B54C19C005DE05A /* ViewRouter.swift */ = {isa = PBXFileReference; lastKnownFileType = sourcecode.swift; path = ViewRouter.swift; sourceTree = "<group>"; };
		028ABE792B54C29E005DE05A /* BaseViewController.swift */ = {isa = PBXFileReference; lastKnownFileType = sourcecode.swift; path = BaseViewController.swift; sourceTree = "<group>"; };
		028ABE7C2B54D10E005DE05A /* ChattingAddPopup.swift */ = {isa = PBXFileReference; lastKnownFileType = sourcecode.swift; path = ChattingAddPopup.swift; sourceTree = "<group>"; };
		02E447482B56021200002ABE /* ChattingListTempData.json */ = {isa = PBXFileReference; fileEncoding = 4; lastKnownFileType = text.json; path = ChattingListTempData.json; sourceTree = "<group>"; };
		02E4474B2B56035300002ABE /* ChattingListModel.swift */ = {isa = PBXFileReference; lastKnownFileType = sourcecode.swift; path = ChattingListModel.swift; sourceTree = "<group>"; };
		0F0AD3522B652D8300045E07 /* AuthManager.swift */ = {isa = PBXFileReference; lastKnownFileType = sourcecode.swift; path = AuthManager.swift; sourceTree = "<group>"; };
		0F0AD3542B6532CD00045E07 /* SignInWithApple.swift */ = {isa = PBXFileReference; lastKnownFileType = sourcecode.swift; path = SignInWithApple.swift; sourceTree = "<group>"; };
		0F68B2FA2B50ADFD00FE0390 /* SplashViewController.swift */ = {isa = PBXFileReference; lastKnownFileType = sourcecode.swift; path = SplashViewController.swift; sourceTree = "<group>"; };
		0F6EB7E62B50D60A00BB3216 /* Constants.swift */ = {isa = PBXFileReference; lastKnownFileType = sourcecode.swift; path = Constants.swift; sourceTree = "<group>"; };
		0F84B7B32B54AB7F000EF575 /* GlobalFunctions.swift */ = {isa = PBXFileReference; lastKnownFileType = sourcecode.swift; path = GlobalFunctions.swift; sourceTree = "<group>"; };
		0F8E4FD12B687C4A001395D2 /* GoodChatting.entitlements */ = {isa = PBXFileReference; lastKnownFileType = text.plist.entitlements; path = GoodChatting.entitlements; sourceTree = "<group>"; };
		0F923CCA2B679A3100F7E0A0 /* SignInWithGoogle.swift */ = {isa = PBXFileReference; lastKnownFileType = sourcecode.swift; path = SignInWithGoogle.swift; sourceTree = "<group>"; };
		0FAC4F062B4FC45400639E98 /* LoginViewController.swift */ = {isa = PBXFileReference; lastKnownFileType = sourcecode.swift; path = LoginViewController.swift; sourceTree = "<group>"; };
		5C0C12932B50D37D0066FA69 /* Log.swift */ = {isa = PBXFileReference; lastKnownFileType = sourcecode.swift; path = Log.swift; sourceTree = "<group>"; };
		5C0C12972B50D9CB0066FA69 /* LoginView.swift */ = {isa = PBXFileReference; lastKnownFileType = sourcecode.swift; path = LoginView.swift; sourceTree = "<group>"; };
		5C0C12992B50D9D60066FA69 /* LoginReactor.swift */ = {isa = PBXFileReference; lastKnownFileType = sourcecode.swift; path = LoginReactor.swift; sourceTree = "<group>"; };
		5C0C12A02B50E04B0066FA69 /* UIFont+Extension.swift */ = {isa = PBXFileReference; lastKnownFileType = sourcecode.swift; path = "UIFont+Extension.swift"; sourceTree = "<group>"; };
		5C0C12A82B50F0690066FA69 /* HomeReactor.swift */ = {isa = PBXFileReference; lastKnownFileType = sourcecode.swift; path = HomeReactor.swift; sourceTree = "<group>"; };
		5C0C12AA2B50F8D50066FA69 /* UserSettings.swift */ = {isa = PBXFileReference; lastKnownFileType = sourcecode.swift; path = UserSettings.swift; sourceTree = "<group>"; };
		5C0D0EE32B469C3500D75348 /* GoodChatting.app */ = {isa = PBXFileReference; explicitFileType = wrapper.application; includeInIndex = 0; path = GoodChatting.app; sourceTree = BUILT_PRODUCTS_DIR; };
		5C0D0EE62B469C3500D75348 /* AppDelegate.swift */ = {isa = PBXFileReference; lastKnownFileType = sourcecode.swift; path = AppDelegate.swift; sourceTree = "<group>"; };
		5C0D0EE82B469C3500D75348 /* SceneDelegate.swift */ = {isa = PBXFileReference; lastKnownFileType = sourcecode.swift; path = SceneDelegate.swift; sourceTree = "<group>"; };
		5C0D0EEA2B469C3500D75348 /* HomeViewController.swift */ = {isa = PBXFileReference; lastKnownFileType = sourcecode.swift; path = HomeViewController.swift; sourceTree = "<group>"; };
		5C0D0EEF2B469C3600D75348 /* Assets.xcassets */ = {isa = PBXFileReference; lastKnownFileType = folder.assetcatalog; path = Assets.xcassets; sourceTree = "<group>"; };
		5C0D0EF42B469C3600D75348 /* Info.plist */ = {isa = PBXFileReference; lastKnownFileType = text.plist.xml; path = Info.plist; sourceTree = "<group>"; };
		5C14D1522B68E1A500B063DB /* TempShareViewController.swift */ = {isa = PBXFileReference; lastKnownFileType = sourcecode.swift; path = TempShareViewController.swift; sourceTree = "<group>"; };
		5C14D1542B68E59600B063DB /* TempShareReactor.swift */ = {isa = PBXFileReference; lastKnownFileType = sourcecode.swift; path = TempShareReactor.swift; sourceTree = "<group>"; };
		5CADF19A2B477E2E00317C70 /* UIColor+Extension.swift */ = {isa = PBXFileReference; lastKnownFileType = sourcecode.swift; path = "UIColor+Extension.swift"; sourceTree = "<group>"; };
		5CB2DC202B690CD900187FD8 /* ParticipationCodeViewController.swift */ = {isa = PBXFileReference; lastKnownFileType = sourcecode.swift; path = ParticipationCodeViewController.swift; sourceTree = "<group>"; };
		5CB2DC222B690D7800187FD8 /* ParticipationCodeReactor.swift */ = {isa = PBXFileReference; lastKnownFileType = sourcecode.swift; path = ParticipationCodeReactor.swift; sourceTree = "<group>"; };
		5CBDF3922B688B2B00A28347 /* BlackView.swift */ = {isa = PBXFileReference; lastKnownFileType = sourcecode.swift; path = BlackView.swift; sourceTree = "<group>"; };
		5CE2156A2B6B1E4900F4EB2A /* CodeIssuanceHistoryViewController.swift */ = {isa = PBXFileReference; lastKnownFileType = sourcecode.swift; path = CodeIssuanceHistoryViewController.swift; sourceTree = "<group>"; };
		5CE2156D2B6B1E9F00F4EB2A /* CodeIssuanceHistoryReactor.swift */ = {isa = PBXFileReference; lastKnownFileType = sourcecode.swift; path = CodeIssuanceHistoryReactor.swift; sourceTree = "<group>"; };
		5CE2156F2B6B31BA00F4EB2A /* CodeIssuanceHistorytableViewCell.swift */ = {isa = PBXFileReference; lastKnownFileType = sourcecode.swift; path = CodeIssuanceHistorytableViewCell.swift; sourceTree = "<group>"; };
		5CE215722B6B436000F4EB2A /* ExpiredCodeListModel.swift */ = {isa = PBXFileReference; lastKnownFileType = sourcecode.swift; path = ExpiredCodeListModel.swift; sourceTree = "<group>"; };
		8E7DFD142B6875560078230C /* ChatView.swift */ = {isa = PBXFileReference; lastKnownFileType = sourcecode.swift; path = ChatView.swift; sourceTree = "<group>"; };
		8EB55B6A2B5F830500008A6D /* ChatTableCell.swift */ = {isa = PBXFileReference; lastKnownFileType = sourcecode.swift; path = ChatTableCell.swift; sourceTree = "<group>"; };
		8EB55B6C2B5F832D00008A6D /* ChatViewController.swift */ = {isa = PBXFileReference; lastKnownFileType = sourcecode.swift; path = ChatViewController.swift; sourceTree = "<group>"; };
		8EB55B6E2B5F834B00008A6D /* ChatReactor.swift */ = {isa = PBXFileReference; lastKnownFileType = sourcecode.swift; path = ChatReactor.swift; sourceTree = "<group>"; };
/* End PBXFileReference section */

/* Begin PBXFrameworksBuildPhase section */
		5C0D0EE02B469C3500D75348 /* Frameworks */ = {
			isa = PBXFrameworksBuildPhase;
			buildActionMask = 2147483647;
			files = (
				0FAC4EFF2B4FABAE00639E98 /* RxCocoa in Frameworks */,
				0F6EB7EA2B50D9BD00BB3216 /* KakaoSDK in Frameworks */,
				0F6EB8002B50D9BD00BB3216 /* KakaoSDKUser in Frameworks */,
				0F923CC72B67908000F7E0A0 /* GoogleSignIn in Frameworks */,
				0F4BA5632B4E82DD009CC320 /* ReactorKit in Frameworks */,
				0F84B7B92B54DDCD000EF575 /* Functions in Frameworks */,
				5C0C12A42B50EAC70066FA69 /* RxGesture in Frameworks */,
				0F84B7BF2B54DDCD000EF575 /* Storage in Frameworks */,
				0FAC4F012B4FABAE00639E98 /* RxRelay in Frameworks */,
				0F6EB7F22B50D9BD00BB3216 /* KakaoSDKCommon in Frameworks */,
				0F84B7B72B54DDCD000EF575 /* Auth in Frameworks */,
				0F84B7BB2B54DDCD000EF575 /* PostgREST in Frameworks */,
				0F4BA56B2B4E830C009CC320 /* Then in Frameworks */,
				0F84B7BD2B54DDCD000EF575 /* Realtime in Frameworks */,
				0F4BA5662B4E82F2009CC320 /* SnapKit in Frameworks */,
				0F923CC92B67908000F7E0A0 /* GoogleSignInSwift in Frameworks */,
				0F84B7C12B54DDCD000EF575 /* Supabase in Frameworks */,
				0FAC4F032B4FABAE00639E98 /* RxSwift in Frameworks */,
				0FAC4EFD2B4FABAE00639E98 /* RxBlocking in Frameworks */,
				0F6EB7EC2B50D9BD00BB3216 /* KakaoSDKAuth in Frameworks */,
			);
			runOnlyForDeploymentPostprocessing = 0;
		};
/* End PBXFrameworksBuildPhase section */

/* Begin PBXGroup section */
		022C3C602B5518920048B539 /* Cells */ = {
			isa = PBXGroup;
			children = (
				022C3C612B5518AC0048B539 /* ChattingListTVCell.swift */,
			);
			path = Cells;
			sourceTree = "<group>";
		};
		028ABE7B2B54D0FE005DE05A /* Views */ = {
			isa = PBXGroup;
			children = (
				028ABE7C2B54D10E005DE05A /* ChattingAddPopup.swift */,
			);
			path = Views;
			sourceTree = "<group>";
		};
		02E4474A2B56034800002ABE /* Models */ = {
			isa = PBXGroup;
			children = (
				02E4474B2B56035300002ABE /* ChattingListModel.swift */,
			);
			path = Models;
			sourceTree = "<group>";
		};
		0F68B2F92B50ADBC00FE0390 /* Scenes */ = {
			isa = PBXGroup;
			children = (
				5C14D1512B68E19200B063DB /* ParticipationCodeSheet */,
				5C0C12A52B50F0350066FA69 /* Home */,
				5C0C12962B50D96C0066FA69 /* Splash */,
				5C0C12952B50D94E0066FA69 /* Login */,
				8EB55B682B5F82E500008A6D /* Chat */,
			);
			path = Scenes;
			sourceTree = "<group>";
		};
		0F923CCC2B679F7100F7E0A0 /* Auth */ = {
			isa = PBXGroup;
			children = (
				0F0AD3522B652D8300045E07 /* AuthManager.swift */,
				0F0AD3542B6532CD00045E07 /* SignInWithApple.swift */,
				0F923CCA2B679A3100F7E0A0 /* SignInWithGoogle.swift */,
			);
			path = Auth;
			sourceTree = "<group>";
		};
		5C0C12952B50D94E0066FA69 /* Login */ = {
			isa = PBXGroup;
			children = (
				0F923CCC2B679F7100F7E0A0 /* Auth */,
				5C0C129E2B50DC590066FA69 /* View */,
				5C0C129F2B50DC6A0066FA69 /* Reactor */,
			);
			path = Login;
			sourceTree = "<group>";
		};
		5C0C12962B50D96C0066FA69 /* Splash */ = {
			isa = PBXGroup;
			children = (
				0F68B2FA2B50ADFD00FE0390 /* SplashViewController.swift */,
			);
			path = Splash;
			sourceTree = "<group>";
		};
		5C0C129E2B50DC590066FA69 /* View */ = {
			isa = PBXGroup;
			children = (
				5C0C12972B50D9CB0066FA69 /* LoginView.swift */,
				0FAC4F062B4FC45400639E98 /* LoginViewController.swift */,
			);
			path = View;
			sourceTree = "<group>";
		};
		5C0C129F2B50DC6A0066FA69 /* Reactor */ = {
			isa = PBXGroup;
			children = (
				5C0C12992B50D9D60066FA69 /* LoginReactor.swift */,
			);
			path = Reactor;
			sourceTree = "<group>";
		};
		5C0C12A52B50F0350066FA69 /* Home */ = {
			isa = PBXGroup;
			children = (
				02E4474A2B56034800002ABE /* Models */,
				022C3C602B5518920048B539 /* Cells */,
				028ABE7B2B54D0FE005DE05A /* Views */,
				5C0D0EEA2B469C3500D75348 /* HomeViewController.swift */,
				5C0C12A82B50F0690066FA69 /* HomeReactor.swift */,
			);
			path = Home;
			sourceTree = "<group>";
		};
		5C0D0EDA2B469C3500D75348 = {
			isa = PBXGroup;
			children = (
				5C0D0EE52B469C3500D75348 /* GoodChatting */,
				5C0D0EE42B469C3500D75348 /* Products */,
			);
			sourceTree = "<group>";
		};
		5C0D0EE42B469C3500D75348 /* Products */ = {
			isa = PBXGroup;
			children = (
				5C0D0EE32B469C3500D75348 /* GoodChatting.app */,
			);
			name = Products;
			sourceTree = "<group>";
		};
		5C0D0EE52B469C3500D75348 /* GoodChatting */ = {
			isa = PBXGroup;
			children = (
				0F8E4FD12B687C4A001395D2 /* GoodChatting.entitlements */,
				5C65DF182B469D0D008BACCA /* Resource */,
				5C91275B2B46A61B000F027B /* Supporting Files */,
				5C65DF172B469CE7008BACCA /* App */,
				0F68B2F92B50ADBC00FE0390 /* Scenes */,
				5C91275A2B46A5ED000F027B /* Common */,
			);
			path = GoodChatting;
			sourceTree = "<group>";
		};
		5C14D1512B68E19200B063DB /* ParticipationCodeSheet */ = {
			isa = PBXGroup;
			children = (
				5CE2156C2B6B1E7800F4EB2A /* CodeIssuanceHistory */,
				5C14D1522B68E1A500B063DB /* TempShareViewController.swift */,
				5C14D1542B68E59600B063DB /* TempShareReactor.swift */,
				5CB2DC202B690CD900187FD8 /* ParticipationCodeViewController.swift */,
				5CB2DC222B690D7800187FD8 /* ParticipationCodeReactor.swift */,
			);
			path = ParticipationCodeSheet;
			sourceTree = "<group>";
		};
		5C65DF172B469CE7008BACCA /* App */ = {
			isa = PBXGroup;
			children = (
				5C0D0EE62B469C3500D75348 /* AppDelegate.swift */,
				5C0D0EE82B469C3500D75348 /* SceneDelegate.swift */,
			);
			path = App;
			sourceTree = "<group>";
		};
		5C65DF182B469D0D008BACCA /* Resource */ = {
			isa = PBXGroup;
			children = (
				02E447482B56021200002ABE /* ChattingListTempData.json */,
				5C0D0EEF2B469C3600D75348 /* Assets.xcassets */,
			);
			path = Resource;
			sourceTree = "<group>";
		};
		5C91275A2B46A5ED000F027B /* Common */ = {
			isa = PBXGroup;
			children = (
				5CADF1992B477E1900317C70 /* Extension */,
				5C0C12932B50D37D0066FA69 /* Log.swift */,
				028ABE772B54C19C005DE05A /* ViewRouter.swift */,
				028ABE792B54C29E005DE05A /* BaseViewController.swift */,
				5C0C12AA2B50F8D50066FA69 /* UserSettings.swift */,
				0F6EB7E62B50D60A00BB3216 /* Constants.swift */,
				0F84B7B32B54AB7F000EF575 /* GlobalFunctions.swift */,
				5CBDF3922B688B2B00A28347 /* BlackView.swift */,
				028532462B5769BD0080AC89 /* ChattingListManager.swift */,
			);
			path = Common;
			sourceTree = "<group>";
		};
		5C91275B2B46A61B000F027B /* Supporting Files */ = {
			isa = PBXGroup;
			children = (
				5C0D0EF42B469C3600D75348 /* Info.plist */,
			);
			path = "Supporting Files";
			sourceTree = "<group>";
		};
		5CADF1992B477E1900317C70 /* Extension */ = {
			isa = PBXGroup;
			children = (
				5CADF19A2B477E2E00317C70 /* UIColor+Extension.swift */,
				5C0C12A02B50E04B0066FA69 /* UIFont+Extension.swift */,
			);
			path = Extension;
			sourceTree = "<group>";
		};
		5CE2156C2B6B1E7800F4EB2A /* CodeIssuanceHistory */ = {
			isa = PBXGroup;
			children = (
				5CE215712B6B432000F4EB2A /* Model */,
				5CE2156A2B6B1E4900F4EB2A /* CodeIssuanceHistoryViewController.swift */,
				5CE2156F2B6B31BA00F4EB2A /* CodeIssuanceHistorytableViewCell.swift */,
				5CE2156D2B6B1E9F00F4EB2A /* CodeIssuanceHistoryReactor.swift */,
			);
			path = CodeIssuanceHistory;
			sourceTree = "<group>";
		};
		5CE215712B6B432000F4EB2A /* Model */ = {
			isa = PBXGroup;
			children = (
				5CE215722B6B436000F4EB2A /* ExpiredCodeListModel.swift */,
			);
			path = Model;
			sourceTree = "<group>";
		};
		8EB55B682B5F82E500008A6D /* Chat */ = {
			isa = PBXGroup;
			children = (
				8EB55B692B5F82EE00008A6D /* ChatCell */,
				8EB55B6C2B5F832D00008A6D /* ChatViewController.swift */,
				8E7DFD142B6875560078230C /* ChatView.swift */,
				8EB55B6E2B5F834B00008A6D /* ChatReactor.swift */,
			);
			path = Chat;
			sourceTree = "<group>";
		};
		8EB55B692B5F82EE00008A6D /* ChatCell */ = {
			isa = PBXGroup;
			children = (
				8EB55B6A2B5F830500008A6D /* ChatTableCell.swift */,
			);
			path = ChatCell;
			sourceTree = "<group>";
		};
/* End PBXGroup section */

/* Begin PBXNativeTarget section */
		5C0D0EE22B469C3500D75348 /* GoodChatting */ = {
			isa = PBXNativeTarget;
			buildConfigurationList = 5C0D0EF72B469C3600D75348 /* Build configuration list for PBXNativeTarget "GoodChatting" */;
			buildPhases = (
				5C0D0EDF2B469C3500D75348 /* Sources */,
				5C0D0EE02B469C3500D75348 /* Frameworks */,
				5C0D0EE12B469C3500D75348 /* Resources */,
			);
			buildRules = (
			);
			dependencies = (
			);
			name = GoodChatting;
			packageProductDependencies = (
				0F4BA5622B4E82DD009CC320 /* ReactorKit */,
				0F4BA5652B4E82F2009CC320 /* SnapKit */,
				0F4BA56A2B4E830C009CC320 /* Then */,
				0FAC4EFC2B4FABAE00639E98 /* RxBlocking */,
				0FAC4EFE2B4FABAE00639E98 /* RxCocoa */,
				0FAC4F002B4FABAE00639E98 /* RxRelay */,
				0FAC4F022B4FABAE00639E98 /* RxSwift */,
				5C0C12A32B50EAC70066FA69 /* RxGesture */,
				0F6EB7E92B50D9BD00BB3216 /* KakaoSDK */,
				0F6EB7EB2B50D9BD00BB3216 /* KakaoSDKAuth */,
				0F6EB7F12B50D9BD00BB3216 /* KakaoSDKCommon */,
				0F6EB7FF2B50D9BD00BB3216 /* KakaoSDKUser */,
				0F84B7B62B54DDCD000EF575 /* Auth */,
				0F84B7B82B54DDCD000EF575 /* Functions */,
				0F84B7BA2B54DDCD000EF575 /* PostgREST */,
				0F84B7BC2B54DDCD000EF575 /* Realtime */,
				0F84B7BE2B54DDCD000EF575 /* Storage */,
				0F84B7C02B54DDCD000EF575 /* Supabase */,
				0F923CC62B67908000F7E0A0 /* GoogleSignIn */,
				0F923CC82B67908000F7E0A0 /* GoogleSignInSwift */,
			);
			productName = GoodChatting;
			productReference = 5C0D0EE32B469C3500D75348 /* GoodChatting.app */;
			productType = "com.apple.product-type.application";
		};
/* End PBXNativeTarget section */

/* Begin PBXProject section */
		5C0D0EDB2B469C3500D75348 /* Project object */ = {
			isa = PBXProject;
			attributes = {
				BuildIndependentTargetsInParallel = 1;
				LastSwiftUpdateCheck = 1510;
				LastUpgradeCheck = 1510;
				TargetAttributes = {
					5C0D0EE22B469C3500D75348 = {
						CreatedOnToolsVersion = 15.1;
					};
				};
			};
			buildConfigurationList = 5C0D0EDE2B469C3500D75348 /* Build configuration list for PBXProject "GoodChatting" */;
			compatibilityVersion = "Xcode 14.0";
			developmentRegion = en;
			hasScannedForEncodings = 0;
			knownRegions = (
				en,
				Base,
			);
			mainGroup = 5C0D0EDA2B469C3500D75348;
			packageReferences = (
				0F4BA5612B4E82DD009CC320 /* XCRemoteSwiftPackageReference "ReactorKit" */,
				0F4BA5642B4E82F2009CC320 /* XCRemoteSwiftPackageReference "SnapKit" */,
				0F4BA5692B4E830C009CC320 /* XCRemoteSwiftPackageReference "Then" */,
				0FAC4EFB2B4FABAE00639E98 /* XCRemoteSwiftPackageReference "RxSwift" */,
				5C0C12A22B50EAC70066FA69 /* XCRemoteSwiftPackageReference "RxGesture" */,
				0F6EB7E82B50D9BD00BB3216 /* XCRemoteSwiftPackageReference "kakao-ios-sdk" */,
				0F84B7B52B54DDCD000EF575 /* XCRemoteSwiftPackageReference "supabase-swift" */,
				0F923CC52B67908000F7E0A0 /* XCRemoteSwiftPackageReference "GoogleSignIn-iOS" */,
			);
			productRefGroup = 5C0D0EE42B469C3500D75348 /* Products */;
			projectDirPath = "";
			projectRoot = "";
			targets = (
				5C0D0EE22B469C3500D75348 /* GoodChatting */,
			);
		};
/* End PBXProject section */

/* Begin PBXResourcesBuildPhase section */
		5C0D0EE12B469C3500D75348 /* Resources */ = {
			isa = PBXResourcesBuildPhase;
			buildActionMask = 2147483647;
			files = (
				5C0D0EF02B469C3600D75348 /* Assets.xcassets in Resources */,
				02E447492B56021200002ABE /* ChattingListTempData.json in Resources */,
			);
			runOnlyForDeploymentPostprocessing = 0;
		};
/* End PBXResourcesBuildPhase section */

/* Begin PBXSourcesBuildPhase section */
		5C0D0EDF2B469C3500D75348 /* Sources */ = {
			isa = PBXSourcesBuildPhase;
			buildActionMask = 2147483647;
			files = (
				5CE2156E2B6B1E9F00F4EB2A /* CodeIssuanceHistoryReactor.swift in Sources */,
				5C14D1532B68E1A500B063DB /* TempShareViewController.swift in Sources */,
				5C0D0EEB2B469C3500D75348 /* HomeViewController.swift in Sources */,
				02E4474C2B56035300002ABE /* ChattingListModel.swift in Sources */,
				8E7DFD152B6875560078230C /* ChatView.swift in Sources */,
				0F0AD3532B652D8300045E07 /* AuthManager.swift in Sources */,
				0F923CCB2B679A3100F7E0A0 /* SignInWithGoogle.swift in Sources */,
				5CE2156B2B6B1E4900F4EB2A /* CodeIssuanceHistoryViewController.swift in Sources */,
				5C0C12942B50D37D0066FA69 /* Log.swift in Sources */,
				8EB55B6B2B5F830500008A6D /* ChatTableCell.swift in Sources */,
				0F84B7B42B54AB7F000EF575 /* GlobalFunctions.swift in Sources */,
				5CB2DC212B690CD900187FD8 /* ParticipationCodeViewController.swift in Sources */,
				5CE215702B6B31BA00F4EB2A /* CodeIssuanceHistorytableViewCell.swift in Sources */,
				5CADF19B2B477E2E00317C70 /* UIColor+Extension.swift in Sources */,
				5CE215732B6B436000F4EB2A /* ExpiredCodeListModel.swift in Sources */,
				5C14D1552B68E59600B063DB /* TempShareReactor.swift in Sources */,
				5C0D0EE72B469C3500D75348 /* AppDelegate.swift in Sources */,
				0F68B2FB2B50ADFD00FE0390 /* SplashViewController.swift in Sources */,
				8EB55B6F2B5F834B00008A6D /* ChatReactor.swift in Sources */,
				5C0C129A2B50D9D60066FA69 /* LoginReactor.swift in Sources */,
				022C3C622B5518AC0048B539 /* ChattingListTVCell.swift in Sources */,
				028532472B5769BD0080AC89 /* ChattingListManager.swift in Sources */,
				8EB55B6D2B5F832D00008A6D /* ChatViewController.swift in Sources */,
				028ABE7A2B54C29E005DE05A /* BaseViewController.swift in Sources */,
				028ABE782B54C19C005DE05A /* ViewRouter.swift in Sources */,
				5C0C12A92B50F0690066FA69 /* HomeReactor.swift in Sources */,
				0F6EB7E72B50D60A00BB3216 /* Constants.swift in Sources */,
				0FAC4F072B4FC45400639E98 /* LoginViewController.swift in Sources */,
				5CBDF3932B688B2B00A28347 /* BlackView.swift in Sources */,
				0F0AD3552B6532CD00045E07 /* SignInWithApple.swift in Sources */,
				5C0C12982B50D9CB0066FA69 /* LoginView.swift in Sources */,
				5CB2DC232B690D7800187FD8 /* ParticipationCodeReactor.swift in Sources */,
				028ABE7D2B54D10E005DE05A /* ChattingAddPopup.swift in Sources */,
				5C0C12AB2B50F8D50066FA69 /* UserSettings.swift in Sources */,
				5C0D0EE92B469C3500D75348 /* SceneDelegate.swift in Sources */,
				5C0C12A12B50E04B0066FA69 /* UIFont+Extension.swift in Sources */,
			);
			runOnlyForDeploymentPostprocessing = 0;
		};
/* End PBXSourcesBuildPhase section */

/* Begin XCBuildConfiguration section */
		5C0D0EF52B469C3600D75348 /* Debug */ = {
			isa = XCBuildConfiguration;
			buildSettings = {
				ALWAYS_SEARCH_USER_PATHS = NO;
				ASSETCATALOG_COMPILER_GENERATE_SWIFT_ASSET_SYMBOL_EXTENSIONS = YES;
				CLANG_ANALYZER_NONNULL = YES;
				CLANG_ANALYZER_NUMBER_OBJECT_CONVERSION = YES_AGGRESSIVE;
				CLANG_CXX_LANGUAGE_STANDARD = "gnu++20";
				CLANG_ENABLE_MODULES = YES;
				CLANG_ENABLE_OBJC_ARC = YES;
				CLANG_ENABLE_OBJC_WEAK = YES;
				CLANG_WARN_BLOCK_CAPTURE_AUTORELEASING = YES;
				CLANG_WARN_BOOL_CONVERSION = YES;
				CLANG_WARN_COMMA = YES;
				CLANG_WARN_CONSTANT_CONVERSION = YES;
				CLANG_WARN_DEPRECATED_OBJC_IMPLEMENTATIONS = YES;
				CLANG_WARN_DIRECT_OBJC_ISA_USAGE = YES_ERROR;
				CLANG_WARN_DOCUMENTATION_COMMENTS = YES;
				CLANG_WARN_EMPTY_BODY = YES;
				CLANG_WARN_ENUM_CONVERSION = YES;
				CLANG_WARN_INFINITE_RECURSION = YES;
				CLANG_WARN_INT_CONVERSION = YES;
				CLANG_WARN_NON_LITERAL_NULL_CONVERSION = YES;
				CLANG_WARN_OBJC_IMPLICIT_RETAIN_SELF = YES;
				CLANG_WARN_OBJC_LITERAL_CONVERSION = YES;
				CLANG_WARN_OBJC_ROOT_CLASS = YES_ERROR;
				CLANG_WARN_QUOTED_INCLUDE_IN_FRAMEWORK_HEADER = YES;
				CLANG_WARN_RANGE_LOOP_ANALYSIS = YES;
				CLANG_WARN_STRICT_PROTOTYPES = YES;
				CLANG_WARN_SUSPICIOUS_MOVE = YES;
				CLANG_WARN_UNGUARDED_AVAILABILITY = YES_AGGRESSIVE;
				CLANG_WARN_UNREACHABLE_CODE = YES;
				CLANG_WARN__DUPLICATE_METHOD_MATCH = YES;
				COPY_PHASE_STRIP = NO;
				DEBUG_INFORMATION_FORMAT = dwarf;
				ENABLE_STRICT_OBJC_MSGSEND = YES;
				ENABLE_TESTABILITY = YES;
				ENABLE_USER_SCRIPT_SANDBOXING = YES;
				GCC_C_LANGUAGE_STANDARD = gnu17;
				GCC_DYNAMIC_NO_PIC = NO;
				GCC_NO_COMMON_BLOCKS = YES;
				GCC_OPTIMIZATION_LEVEL = 0;
				GCC_PREPROCESSOR_DEFINITIONS = (
					"DEBUG=1",
					"$(inherited)",
				);
				GCC_WARN_64_TO_32_BIT_CONVERSION = YES;
				GCC_WARN_ABOUT_RETURN_TYPE = YES_ERROR;
				GCC_WARN_UNDECLARED_SELECTOR = YES;
				GCC_WARN_UNINITIALIZED_AUTOS = YES_AGGRESSIVE;
				GCC_WARN_UNUSED_FUNCTION = YES;
				GCC_WARN_UNUSED_VARIABLE = YES;
				IPHONEOS_DEPLOYMENT_TARGET = 17.2;
				LOCALIZATION_PREFERS_STRING_CATALOGS = YES;
				MTL_ENABLE_DEBUG_INFO = INCLUDE_SOURCE;
				MTL_FAST_MATH = YES;
				ONLY_ACTIVE_ARCH = YES;
				SDKROOT = iphoneos;
				SWIFT_ACTIVE_COMPILATION_CONDITIONS = "DEBUG $(inherited)";
				SWIFT_OPTIMIZATION_LEVEL = "-Onone";
			};
			name = Debug;
		};
		5C0D0EF62B469C3600D75348 /* Release */ = {
			isa = XCBuildConfiguration;
			buildSettings = {
				ALWAYS_SEARCH_USER_PATHS = NO;
				ASSETCATALOG_COMPILER_GENERATE_SWIFT_ASSET_SYMBOL_EXTENSIONS = YES;
				CLANG_ANALYZER_NONNULL = YES;
				CLANG_ANALYZER_NUMBER_OBJECT_CONVERSION = YES_AGGRESSIVE;
				CLANG_CXX_LANGUAGE_STANDARD = "gnu++20";
				CLANG_ENABLE_MODULES = YES;
				CLANG_ENABLE_OBJC_ARC = YES;
				CLANG_ENABLE_OBJC_WEAK = YES;
				CLANG_WARN_BLOCK_CAPTURE_AUTORELEASING = YES;
				CLANG_WARN_BOOL_CONVERSION = YES;
				CLANG_WARN_COMMA = YES;
				CLANG_WARN_CONSTANT_CONVERSION = YES;
				CLANG_WARN_DEPRECATED_OBJC_IMPLEMENTATIONS = YES;
				CLANG_WARN_DIRECT_OBJC_ISA_USAGE = YES_ERROR;
				CLANG_WARN_DOCUMENTATION_COMMENTS = YES;
				CLANG_WARN_EMPTY_BODY = YES;
				CLANG_WARN_ENUM_CONVERSION = YES;
				CLANG_WARN_INFINITE_RECURSION = YES;
				CLANG_WARN_INT_CONVERSION = YES;
				CLANG_WARN_NON_LITERAL_NULL_CONVERSION = YES;
				CLANG_WARN_OBJC_IMPLICIT_RETAIN_SELF = YES;
				CLANG_WARN_OBJC_LITERAL_CONVERSION = YES;
				CLANG_WARN_OBJC_ROOT_CLASS = YES_ERROR;
				CLANG_WARN_QUOTED_INCLUDE_IN_FRAMEWORK_HEADER = YES;
				CLANG_WARN_RANGE_LOOP_ANALYSIS = YES;
				CLANG_WARN_STRICT_PROTOTYPES = YES;
				CLANG_WARN_SUSPICIOUS_MOVE = YES;
				CLANG_WARN_UNGUARDED_AVAILABILITY = YES_AGGRESSIVE;
				CLANG_WARN_UNREACHABLE_CODE = YES;
				CLANG_WARN__DUPLICATE_METHOD_MATCH = YES;
				COPY_PHASE_STRIP = NO;
				DEBUG_INFORMATION_FORMAT = "dwarf-with-dsym";
				ENABLE_NS_ASSERTIONS = NO;
				ENABLE_STRICT_OBJC_MSGSEND = YES;
				ENABLE_USER_SCRIPT_SANDBOXING = YES;
				GCC_C_LANGUAGE_STANDARD = gnu17;
				GCC_NO_COMMON_BLOCKS = YES;
				GCC_WARN_64_TO_32_BIT_CONVERSION = YES;
				GCC_WARN_ABOUT_RETURN_TYPE = YES_ERROR;
				GCC_WARN_UNDECLARED_SELECTOR = YES;
				GCC_WARN_UNINITIALIZED_AUTOS = YES_AGGRESSIVE;
				GCC_WARN_UNUSED_FUNCTION = YES;
				GCC_WARN_UNUSED_VARIABLE = YES;
				IPHONEOS_DEPLOYMENT_TARGET = 17.2;
				LOCALIZATION_PREFERS_STRING_CATALOGS = YES;
				MTL_ENABLE_DEBUG_INFO = NO;
				MTL_FAST_MATH = YES;
				SDKROOT = iphoneos;
				SWIFT_COMPILATION_MODE = wholemodule;
				VALIDATE_PRODUCT = YES;
			};
			name = Release;
		};
		5C0D0EF82B469C3600D75348 /* Debug */ = {
			isa = XCBuildConfiguration;
			buildSettings = {
				ASSETCATALOG_COMPILER_APPICON_NAME = AppIcon;
				ASSETCATALOG_COMPILER_GLOBAL_ACCENT_COLOR_NAME = AccentColor;
				CODE_SIGN_ENTITLEMENTS = GoodChatting/GoodChatting.entitlements;
				CODE_SIGN_IDENTITY = "Apple Development";
				"CODE_SIGN_IDENTITY[sdk=iphoneos*]" = "iPhone Developer";
				CODE_SIGN_STYLE = Manual;
				CURRENT_PROJECT_VERSION = 1;
				DEVELOPMENT_TEAM = "";
				"DEVELOPMENT_TEAM[sdk=iphoneos*]" = RYZ3RA62XL;
				GENERATE_INFOPLIST_FILE = YES;
				INFOPLIST_FILE = "GoodChatting/Supporting Files/Info.plist";
				INFOPLIST_KEY_UIApplicationSupportsIndirectInputEvents = YES;
				INFOPLIST_KEY_UILaunchStoryboardName = LaunchScreen;
				INFOPLIST_KEY_UISupportedInterfaceOrientations_iPad = "UIInterfaceOrientationPortrait UIInterfaceOrientationPortraitUpsideDown UIInterfaceOrientationLandscapeLeft UIInterfaceOrientationLandscapeRight";
				INFOPLIST_KEY_UISupportedInterfaceOrientations_iPhone = "UIInterfaceOrientationPortrait UIInterfaceOrientationLandscapeLeft UIInterfaceOrientationLandscapeRight";
				IPHONEOS_DEPLOYMENT_TARGET = 16.0;
				LD_RUNPATH_SEARCH_PATHS = (
					"$(inherited)",
					"@executable_path/Frameworks",
				);
				MARKETING_VERSION = 1.0;
				PRODUCT_BUNDLE_IDENTIFIER = com.nudge.GoodChatting;
				PRODUCT_NAME = "$(TARGET_NAME)";
				PROVISIONING_PROFILE_SPECIFIER = "";
				"PROVISIONING_PROFILE_SPECIFIER[sdk=iphoneos*]" = "good chatting dev";
				SWIFT_EMIT_LOC_STRINGS = YES;
				SWIFT_VERSION = 5.0;
				TARGETED_DEVICE_FAMILY = "1,2";
			};
			name = Debug;
		};
		5C0D0EF92B469C3600D75348 /* Release */ = {
			isa = XCBuildConfiguration;
			buildSettings = {
				ASSETCATALOG_COMPILER_APPICON_NAME = AppIcon;
				ASSETCATALOG_COMPILER_GLOBAL_ACCENT_COLOR_NAME = AccentColor;
				CODE_SIGN_ENTITLEMENTS = GoodChatting/GoodChatting.entitlements;
				CODE_SIGN_IDENTITY = "Apple Development";
				"CODE_SIGN_IDENTITY[sdk=iphoneos*]" = "iPhone Developer";
				CODE_SIGN_STYLE = Manual;
				CURRENT_PROJECT_VERSION = 1;
				DEVELOPMENT_TEAM = "";
				"DEVELOPMENT_TEAM[sdk=iphoneos*]" = RYZ3RA62XL;
				GENERATE_INFOPLIST_FILE = YES;
				INFOPLIST_FILE = "GoodChatting/Supporting Files/Info.plist";
				INFOPLIST_KEY_UIApplicationSupportsIndirectInputEvents = YES;
				INFOPLIST_KEY_UILaunchStoryboardName = LaunchScreen;
				INFOPLIST_KEY_UISupportedInterfaceOrientations_iPad = "UIInterfaceOrientationPortrait UIInterfaceOrientationPortraitUpsideDown UIInterfaceOrientationLandscapeLeft UIInterfaceOrientationLandscapeRight";
				INFOPLIST_KEY_UISupportedInterfaceOrientations_iPhone = "UIInterfaceOrientationPortrait UIInterfaceOrientationLandscapeLeft UIInterfaceOrientationLandscapeRight";
				IPHONEOS_DEPLOYMENT_TARGET = 16.0;
				LD_RUNPATH_SEARCH_PATHS = (
					"$(inherited)",
					"@executable_path/Frameworks",
				);
				MARKETING_VERSION = 1.0;
				PRODUCT_BUNDLE_IDENTIFIER = com.nudge.GoodChatting;
				PRODUCT_NAME = "$(TARGET_NAME)";
				PROVISIONING_PROFILE_SPECIFIER = "";
				"PROVISIONING_PROFILE_SPECIFIER[sdk=iphoneos*]" = "good chatting dev";
				SWIFT_EMIT_LOC_STRINGS = YES;
				SWIFT_VERSION = 5.0;
				TARGETED_DEVICE_FAMILY = "1,2";
			};
			name = Release;
		};
/* End XCBuildConfiguration section */

/* Begin XCConfigurationList section */
		5C0D0EDE2B469C3500D75348 /* Build configuration list for PBXProject "GoodChatting" */ = {
			isa = XCConfigurationList;
			buildConfigurations = (
				5C0D0EF52B469C3600D75348 /* Debug */,
				5C0D0EF62B469C3600D75348 /* Release */,
			);
			defaultConfigurationIsVisible = 0;
			defaultConfigurationName = Release;
		};
		5C0D0EF72B469C3600D75348 /* Build configuration list for PBXNativeTarget "GoodChatting" */ = {
			isa = XCConfigurationList;
			buildConfigurations = (
				5C0D0EF82B469C3600D75348 /* Debug */,
				5C0D0EF92B469C3600D75348 /* Release */,
			);
			defaultConfigurationIsVisible = 0;
			defaultConfigurationName = Release;
		};
/* End XCConfigurationList section */

/* Begin XCRemoteSwiftPackageReference section */
		0F4BA5612B4E82DD009CC320 /* XCRemoteSwiftPackageReference "ReactorKit" */ = {
			isa = XCRemoteSwiftPackageReference;
			repositoryURL = "https://github.com/ReactorKit/ReactorKit.git";
			requirement = {
				kind = upToNextMajorVersion;
				minimumVersion = 3.2.0;
			};
		};
		0F4BA5642B4E82F2009CC320 /* XCRemoteSwiftPackageReference "SnapKit" */ = {
			isa = XCRemoteSwiftPackageReference;
			repositoryURL = "https://github.com/SnapKit/SnapKit.git";
			requirement = {
				kind = upToNextMajorVersion;
				minimumVersion = 5.7.0;
			};
		};
		0F4BA5692B4E830C009CC320 /* XCRemoteSwiftPackageReference "Then" */ = {
			isa = XCRemoteSwiftPackageReference;
			repositoryURL = "https://github.com/devxoul/Then.git";
			requirement = {
				kind = upToNextMajorVersion;
				minimumVersion = 3.0.0;
			};
		};
		0F6EB7E82B50D9BD00BB3216 /* XCRemoteSwiftPackageReference "kakao-ios-sdk" */ = {
			isa = XCRemoteSwiftPackageReference;
			repositoryURL = "https://github.com/kakao/kakao-ios-sdk";
			requirement = {
				kind = upToNextMajorVersion;
				minimumVersion = 2.20.0;
			};
		};
		0F84B7B52B54DDCD000EF575 /* XCRemoteSwiftPackageReference "supabase-swift" */ = {
			isa = XCRemoteSwiftPackageReference;
			repositoryURL = "https://github.com/supabase-community/supabase-swift.git";
			requirement = {
				kind = upToNextMajorVersion;
				minimumVersion = 2.1.0;
			};
		};
		0F923CC52B67908000F7E0A0 /* XCRemoteSwiftPackageReference "GoogleSignIn-iOS" */ = {
			isa = XCRemoteSwiftPackageReference;
			repositoryURL = "https://github.com/google/GoogleSignIn-iOS.git";
			requirement = {
				kind = upToNextMajorVersion;
				minimumVersion = 7.0.0;
			};
		};
		0FAC4EFB2B4FABAE00639E98 /* XCRemoteSwiftPackageReference "RxSwift" */ = {
			isa = XCRemoteSwiftPackageReference;
			repositoryURL = "https://github.com/ReactiveX/RxSwift";
			requirement = {
				kind = upToNextMajorVersion;
				minimumVersion = 6.6.0;
			};
		};
		5C0C12A22B50EAC70066FA69 /* XCRemoteSwiftPackageReference "RxGesture" */ = {
			isa = XCRemoteSwiftPackageReference;
			repositoryURL = "https://github.com/RxSwiftCommunity/RxGesture";
			requirement = {
				kind = upToNextMajorVersion;
				minimumVersion = 4.0.4;
			};
		};
/* End XCRemoteSwiftPackageReference section */

/* Begin XCSwiftPackageProductDependency section */
		0F4BA5622B4E82DD009CC320 /* ReactorKit */ = {
			isa = XCSwiftPackageProductDependency;
			package = 0F4BA5612B4E82DD009CC320 /* XCRemoteSwiftPackageReference "ReactorKit" */;
			productName = ReactorKit;
		};
		0F4BA5652B4E82F2009CC320 /* SnapKit */ = {
			isa = XCSwiftPackageProductDependency;
			package = 0F4BA5642B4E82F2009CC320 /* XCRemoteSwiftPackageReference "SnapKit" */;
			productName = SnapKit;
		};
		0F4BA56A2B4E830C009CC320 /* Then */ = {
			isa = XCSwiftPackageProductDependency;
			package = 0F4BA5692B4E830C009CC320 /* XCRemoteSwiftPackageReference "Then" */;
			productName = Then;
		};
		0F6EB7E92B50D9BD00BB3216 /* KakaoSDK */ = {
			isa = XCSwiftPackageProductDependency;
			package = 0F6EB7E82B50D9BD00BB3216 /* XCRemoteSwiftPackageReference "kakao-ios-sdk" */;
			productName = KakaoSDK;
		};
		0F6EB7EB2B50D9BD00BB3216 /* KakaoSDKAuth */ = {
			isa = XCSwiftPackageProductDependency;
			package = 0F6EB7E82B50D9BD00BB3216 /* XCRemoteSwiftPackageReference "kakao-ios-sdk" */;
			productName = KakaoSDKAuth;
		};
		0F6EB7F12B50D9BD00BB3216 /* KakaoSDKCommon */ = {
			isa = XCSwiftPackageProductDependency;
			package = 0F6EB7E82B50D9BD00BB3216 /* XCRemoteSwiftPackageReference "kakao-ios-sdk" */;
			productName = KakaoSDKCommon;
		};
		0F6EB7FF2B50D9BD00BB3216 /* KakaoSDKUser */ = {
			isa = XCSwiftPackageProductDependency;
			package = 0F6EB7E82B50D9BD00BB3216 /* XCRemoteSwiftPackageReference "kakao-ios-sdk" */;
			productName = KakaoSDKUser;
		};
		0F84B7B62B54DDCD000EF575 /* Auth */ = {
			isa = XCSwiftPackageProductDependency;
			package = 0F84B7B52B54DDCD000EF575 /* XCRemoteSwiftPackageReference "supabase-swift" */;
			productName = Auth;
		};
		0F84B7B82B54DDCD000EF575 /* Functions */ = {
			isa = XCSwiftPackageProductDependency;
			package = 0F84B7B52B54DDCD000EF575 /* XCRemoteSwiftPackageReference "supabase-swift" */;
			productName = Functions;
		};
		0F84B7BA2B54DDCD000EF575 /* PostgREST */ = {
			isa = XCSwiftPackageProductDependency;
			package = 0F84B7B52B54DDCD000EF575 /* XCRemoteSwiftPackageReference "supabase-swift" */;
			productName = PostgREST;
		};
		0F84B7BC2B54DDCD000EF575 /* Realtime */ = {
			isa = XCSwiftPackageProductDependency;
			package = 0F84B7B52B54DDCD000EF575 /* XCRemoteSwiftPackageReference "supabase-swift" */;
			productName = Realtime;
		};
		0F84B7BE2B54DDCD000EF575 /* Storage */ = {
			isa = XCSwiftPackageProductDependency;
			package = 0F84B7B52B54DDCD000EF575 /* XCRemoteSwiftPackageReference "supabase-swift" */;
			productName = Storage;
		};
		0F84B7C02B54DDCD000EF575 /* Supabase */ = {
			isa = XCSwiftPackageProductDependency;
			package = 0F84B7B52B54DDCD000EF575 /* XCRemoteSwiftPackageReference "supabase-swift" */;
			productName = Supabase;
		};
		0F923CC62B67908000F7E0A0 /* GoogleSignIn */ = {
			isa = XCSwiftPackageProductDependency;
			package = 0F923CC52B67908000F7E0A0 /* XCRemoteSwiftPackageReference "GoogleSignIn-iOS" */;
			productName = GoogleSignIn;
		};
		0F923CC82B67908000F7E0A0 /* GoogleSignInSwift */ = {
			isa = XCSwiftPackageProductDependency;
			package = 0F923CC52B67908000F7E0A0 /* XCRemoteSwiftPackageReference "GoogleSignIn-iOS" */;
			productName = GoogleSignInSwift;
		};
		0FAC4EFC2B4FABAE00639E98 /* RxBlocking */ = {
			isa = XCSwiftPackageProductDependency;
			package = 0FAC4EFB2B4FABAE00639E98 /* XCRemoteSwiftPackageReference "RxSwift" */;
			productName = RxBlocking;
		};
		0FAC4EFE2B4FABAE00639E98 /* RxCocoa */ = {
			isa = XCSwiftPackageProductDependency;
			package = 0FAC4EFB2B4FABAE00639E98 /* XCRemoteSwiftPackageReference "RxSwift" */;
			productName = RxCocoa;
		};
		0FAC4F002B4FABAE00639E98 /* RxRelay */ = {
			isa = XCSwiftPackageProductDependency;
			package = 0FAC4EFB2B4FABAE00639E98 /* XCRemoteSwiftPackageReference "RxSwift" */;
			productName = RxRelay;
		};
		0FAC4F022B4FABAE00639E98 /* RxSwift */ = {
			isa = XCSwiftPackageProductDependency;
			package = 0FAC4EFB2B4FABAE00639E98 /* XCRemoteSwiftPackageReference "RxSwift" */;
			productName = RxSwift;
		};
		5C0C12A32B50EAC70066FA69 /* RxGesture */ = {
			isa = XCSwiftPackageProductDependency;
			package = 5C0C12A22B50EAC70066FA69 /* XCRemoteSwiftPackageReference "RxGesture" */;
			productName = RxGesture;
		};
/* End XCSwiftPackageProductDependency section */
	};
	rootObject = 5C0D0EDB2B469C3500D75348 /* Project object */;
}
